
Microsoft Visual Studio Solution File, Format Version 12.00
# Visual Studio Version 17
VisualStudioVersion = 17.12.35514.174
MinimumVisualStudioVersion = 10.0.40219.1
Project("{FAE04EC0-301F-11D3-BF4B-00C04F79EFBC}") = "01_print_violiting_IPS", "01_print_violiting_IPS\01_print_violiting_IPS.csproj", "{DF271316-1187-4937-9181-2C5BDE41D1F5}"
EndProject
Project("{FAE04EC0-301F-11D3-BF4B-00C04F79EFBC}") = "02_printer_IPS", "02_printer_IPS\02_printer_IPS.csproj", "{1FEE416C-2033-4534-8BA2-B4E3FCE0ADA0}"
EndProject
Project("{FAE04EC0-301F-11D3-BF4B-00C04F79EFBC}") = "03_Payment_Violating_ISP", "03_Payment_Violating_ISP\03_Payment_Violating_ISP.csproj", "{FB8F8DE0-AFA5-4CF6-A271-66D161B84B4F}"
EndProject
Project("{FAE04EC0-301F-11D3-BF4B-00C04F79EFBC}") = "04_Payment_ISP", "04_Payment_ISP\04_Payment_ISP.csproj", "{4B27E25E-6BFD-4A5A-9616-93B2468E29FC}"
EndProject
Project("{FAE04EC0-301F-11D3-BF4B-00C04F79EFBC}") = "05_Device_Violating_ISP", "05_Device_Violating_ISP\05_Device_Violating_ISP.csproj", "{D21F5017-A017-42A1-8A55-79FB0AFE0F37}"
EndProject
Project("{FAE04EC0-301F-11D3-BF4B-00C04F79EFBC}") = "ConsoleApp1", "ConsoleApp1\ConsoleApp1.csproj", "{657B4F53-FA0D-4109-9090-D884692BC3B2}"
EndProject
Global
	GlobalSection(SolutionConfigurationPlatforms) = preSolution
		Debug|Any CPU = Debug|Any CPU
		Release|Any CPU = Release|Any CPU
	EndGlobalSection
	GlobalSection(ProjectConfigurationPlatforms) = postSolution
		{DF271316-1187-4937-9181-2C5BDE41D1F5}.Debug|Any CPU.ActiveCfg = Debug|Any CPU
		{DF271316-1187-4937-9181-2C5BDE41D1F5}.Debug|Any CPU.Build.0 = Debug|Any CPU
		{DF271316-1187-4937-9181-2C5BDE41D1F5}.Release|Any CPU.ActiveCfg = Release|Any CPU
		{DF271316-1187-4937-9181-2C5BDE41D1F5}.Release|Any CPU.Build.0 = Release|Any CPU
		{1FEE416C-2033-4534-8BA2-B4E3FCE0ADA0}.Debug|Any CPU.ActiveCfg = Debug|Any CPU
		{1FEE416C-2033-4534-8BA2-B4E3FCE0ADA0}.Debug|Any CPU.Build.0 = Debug|Any CPU
		{1FEE416C-2033-4534-8BA2-B4E3FCE0ADA0}.Release|Any CPU.ActiveCfg = Release|Any CPU
		{1FEE416C-2033-4534-8BA2-B4E3FCE0ADA0}.Release|Any CPU.Build.0 = Release|Any CPU
		{FB8F8DE0-AFA5-4CF6-A271-66D161B84B4F}.Debug|Any CPU.ActiveCfg = Debug|Any CPU
		{FB8F8DE0-AFA5-4CF6-A271-66D161B84B4F}.Debug|Any CPU.Build.0 = Debug|Any CPU
		{FB8F8DE0-AFA5-4CF6-A271-66D161B84B4F}.Release|Any CPU.ActiveCfg = Release|Any CPU
		{FB8F8DE0-AFA5-4CF6-A271-66D161B84B4F}.Release|Any CPU.Build.0 = Release|Any CPU
		{4B27E25E-6BFD-4A5A-9616-93B2468E29FC}.Debug|Any CPU.ActiveCfg = Debug|Any CPU
		{4B27E25E-6BFD-4A5A-9616-93B2468E29FC}.Debug|Any CPU.Build.0 = Debug|Any CPU
		{4B27E25E-6BFD-4A5A-9616-93B2468E29FC}.Release|Any CPU.ActiveCfg = Release|Any CPU
		{4B27E25E-6BFD-4A5A-9616-93B2468E29FC}.Release|Any CPU.Build.0 = Release|Any CPU
		{D21F5017-A017-42A1-8A55-79FB0AFE0F37}.Debug|Any CPU.ActiveCfg = Debug|Any CPU
		{D21F5017-A017-42A1-8A55-79FB0AFE0F37}.Debug|Any CPU.Build.0 = Debug|Any CPU
		{D21F5017-A017-42A1-8A55-79FB0AFE0F37}.Release|Any CPU.ActiveCfg = Release|Any CPU
		{D21F5017-A017-42A1-8A55-79FB0AFE0F37}.Release|Any CPU.Build.0 = Release|Any CPU
		{657B4F53-FA0D-4109-9090-D884692BC3B2}.Debug|Any CPU.ActiveCfg = Debug|Any CPU
		{657B4F53-FA0D-4109-9090-D884692BC3B2}.Debug|Any CPU.Build.0 = Debug|Any CPU
		{657B4F53-FA0D-4109-9090-D884692BC3B2}.Release|Any CPU.ActiveCfg = Release|Any CPU
		{657B4F53-FA0D-4109-9090-D884692BC3B2}.Release|Any CPU.Build.0 = Release|Any CPU
	EndGlobalSection
	GlobalSection(SolutionProperties) = preSolution
		HideSolutionNode = FALSE
	EndGlobalSection
EndGlobal
